
Microsoft Visual Studio Solution File, Format Version 12.00
# Visual Studio Version 16
VisualStudioVersion = 16.0.29411.108
MinimumVisualStudioVersion = 10.0.40219.1
Project("{9A19103F-16F7-4668-BE54-9A1E7A4F7556}") = "SportsStore", "SportsStore\SportsStore.csproj", "{C007B452-8C67-44B6-B088-B74FBBE38D98}"
EndProject
Project("{9A19103F-16F7-4668-BE54-9A1E7A4F7556}") = "SportsStore.Tests", "SportsStore.Tests\SportsStore.Tests.csproj", "{80CA6F89-C2F2-4577-BEC5-8B70BFA99F8E}"
EndProject
Global
	GlobalSection(SolutionConfigurationPlatforms) = preSolution
		Debug|Any CPU = Debug|Any CPU
		Release|Any CPU = Release|Any CPU
	EndGlobalSection
	GlobalSection(ProjectConfigurationPlatforms) = postSolution
		{C007B452-8C67-44B6-B088-B74FBBE38D98}.Debug|Any CPU.ActiveCfg = Debug|Any CPU
		{C007B452-8C67-44B6-B088-B74FBBE38D98}.Debug|Any CPU.Build.0 = Debug|Any CPU
		{C007B452-8C67-44B6-B088-B74FBBE38D98}.Release|Any CPU.ActiveCfg = Release|Any CPU
		{C007B452-8C67-44B6-B088-B74FBBE38D98}.Release|Any CPU.Build.0 = Release|Any CPU
		{80CA6F89-C2F2-4577-BEC5-8B70BFA99F8E}.Debug|Any CPU.ActiveCfg = Debug|Any CPU
		{80CA6F89-C2F2-4577-BEC5-8B70BFA99F8E}.Debug|Any CPU.Build.0 = Debug|Any CPU
		{80CA6F89-C2F2-4577-BEC5-8B70BFA99F8E}.Release|Any CPU.ActiveCfg = Release|Any CPU
		{80CA6F89-C2F2-4577-BEC5-8B70BFA99F8E}.Release|Any CPU.Build.0 = Release|Any CPU
	EndGlobalSection
	GlobalSection(SolutionProperties) = preSolution
		HideSolutionNode = FALSE
	EndGlobalSection
	GlobalSection(ExtensibilityGlobals) = postSolution
		SolutionGuid = {2C5708FE-49A1-4493-A63B-AC43BB0E9233}
	EndGlobalSection
EndGlobal
